
Microsoft Visual Studio Solution File, Format Version 10.00
# Visual Studio 2008
Project("{8BC9CEB8-8B4A-11D0-8D11-00A0C91BC942}") = "Recursion", "Recursion\Recursion.vcproj", "{E05CC2E1-B9F6-4DC7-8B7D-1649AA45E5BB}"
EndProject
Global
	GlobalSection(SolutionConfigurationPlatforms) = preSolution
		Debug|Win32 = Debug|Win32
		Release|Win32 = Release|Win32
	EndGlobalSection
	GlobalSection(ProjectConfigurationPlatforms) = postSolution
		{E05CC2E1-B9F6-4DC7-8B7D-1649AA45E5BB}.Debug|Win32.ActiveCfg = Debug|Win32
		{E05CC2E1-B9F6-4DC7-8B7D-1649AA45E5BB}.Debug|Win32.Build.0 = Debug|Win32
		{E05CC2E1-B9F6-4DC7-8B7D-1649AA45E5BB}.Release|Win32.ActiveCfg = Release|Win32
		{E05CC2E1-B9F6-4DC7-8B7D-1649AA45E5BB}.Release|Win32.Build.0 = Release|Win32
	EndGlobalSection
	GlobalSection(SolutionProperties) = preSolution
		HideSolutionNode = FALSE
	EndGlobalSection
EndGlobal
