
Microsoft Visual Studio Solution File, Format Version 10.00
# Visual Studio 2008
Project("{8BC9CEB8-8B4A-11D0-8D11-00A0C91BC942}") = "UsingDefine", "UsingDefine\UsingDefine.vcproj", "{6EFE7341-8A52-400E-820B-F2A5B6A80404}"
EndProject
Global
	GlobalSection(SolutionConfigurationPlatforms) = preSolution
		Debug|Win32 = Debug|Win32
		Release|Win32 = Release|Win32
	EndGlobalSection
	GlobalSection(ProjectConfigurationPlatforms) = postSolution
		{6EFE7341-8A52-400E-820B-F2A5B6A80404}.Debug|Win32.ActiveCfg = Debug|Win32
		{6EFE7341-8A52-400E-820B-F2A5B6A80404}.Debug|Win32.Build.0 = Debug|Win32
		{6EFE7341-8A52-400E-820B-F2A5B6A80404}.Release|Win32.ActiveCfg = Release|Win32
		{6EFE7341-8A52-400E-820B-F2A5B6A80404}.Release|Win32.Build.0 = Release|Win32
	EndGlobalSection
	GlobalSection(SolutionProperties) = preSolution
		HideSolutionNode = FALSE
	EndGlobalSection
EndGlobal
